
Microsoft Visual Studio Solution File, Format Version 12.00
# Visual Studio Version 16
VisualStudioVersion = 16.0.29123.88
MinimumVisualStudioVersion = 10.0.40219.1
Project("{8BC9CEB8-8B4A-11D0-8D11-00A0C91BC942}") = "num_diff", "num_diff.vcxproj", "{01391B2E-E9F1-4239-A6FC-16D1837128B4}"
EndProject
Global
	GlobalSection(SolutionConfigurationPlatforms) = preSolution
		Debug|x64 = Debug|x64
		Debug|x86 = Debug|x86
		Release|x64 = Release|x64
		Release|x86 = Release|x86
	EndGlobalSection
	GlobalSection(ProjectConfigurationPlatforms) = postSolution
		{01391B2E-E9F1-4239-A6FC-16D1837128B4}.Debug|x64.ActiveCfg = Debug|x64
		{01391B2E-E9F1-4239-A6FC-16D1837128B4}.Debug|x64.Build.0 = Debug|x64
		{01391B2E-E9F1-4239-A6FC-16D1837128B4}.Debug|x86.ActiveCfg = Debug|Win32
		{01391B2E-E9F1-4239-A6FC-16D1837128B4}.Debug|x86.Build.0 = Debug|Win32
		{01391B2E-E9F1-4239-A6FC-16D1837128B4}.Release|x64.ActiveCfg = Release|x64
		{01391B2E-E9F1-4239-A6FC-16D1837128B4}.Release|x64.Build.0 = Release|x64
		{01391B2E-E9F1-4239-A6FC-16D1837128B4}.Release|x86.ActiveCfg = Release|Win32
		{01391B2E-E9F1-4239-A6FC-16D1837128B4}.Release|x86.Build.0 = Release|Win32
	EndGlobalSection
	GlobalSection(SolutionProperties) = preSolution
		HideSolutionNode = FALSE
	EndGlobalSection
	GlobalSection(ExtensibilityGlobals) = postSolution
		SolutionGuid = {571B4635-4601-4EB8-A37D-5BDEA37C5EC9}
	EndGlobalSection
EndGlobal
